
Microsoft Visual Studio Solution File, Format Version 12.00
# Visual Studio Version 16
VisualStudioVersion = 16.0.34407.143
MinimumVisualStudioVersion = 10.0.40219.1
Project("{FAE04EC0-301F-11D3-BF4B-00C04F79EFBC}") = "Application Layer", "Application Layer\Application Layer.csproj", "{221A7FF2-629F-4154-BA08-702A28516D84}"
EndProject
Project("{FAE04EC0-301F-11D3-BF4B-00C04F79EFBC}") = "Business Layer", "Business Layer\Business Layer.csproj", "{CAA17B8F-2997-4407-9D14-81DBD5D99A0A}"
EndProject
Project("{FAE04EC0-301F-11D3-BF4B-00C04F79EFBC}") = "Database Layer", "Database Layer\Database Layer.csproj", "{D6FC8D36-7C1E-4DB5-A714-F40B4A8270BA}"
EndProject
Global
	GlobalSection(SolutionConfigurationPlatforms) = preSolution
		Debug|Any CPU = Debug|Any CPU
		Release|Any CPU = Release|Any CPU
	EndGlobalSection
	GlobalSection(ProjectConfigurationPlatforms) = postSolution
		{221A7FF2-629F-4154-BA08-702A28516D84}.Debug|Any CPU.ActiveCfg = Debug|Any CPU
		{221A7FF2-629F-4154-BA08-702A28516D84}.Debug|Any CPU.Build.0 = Debug|Any CPU
		{221A7FF2-629F-4154-BA08-702A28516D84}.Release|Any CPU.ActiveCfg = Release|Any CPU
		{221A7FF2-629F-4154-BA08-702A28516D84}.Release|Any CPU.Build.0 = Release|Any CPU
		{CAA17B8F-2997-4407-9D14-81DBD5D99A0A}.Debug|Any CPU.ActiveCfg = Debug|Any CPU
		{CAA17B8F-2997-4407-9D14-81DBD5D99A0A}.Debug|Any CPU.Build.0 = Debug|Any CPU
		{CAA17B8F-2997-4407-9D14-81DBD5D99A0A}.Release|Any CPU.ActiveCfg = Release|Any CPU
		{CAA17B8F-2997-4407-9D14-81DBD5D99A0A}.Release|Any CPU.Build.0 = Release|Any CPU
		{D6FC8D36-7C1E-4DB5-A714-F40B4A8270BA}.Debug|Any CPU.ActiveCfg = Debug|Any CPU
		{D6FC8D36-7C1E-4DB5-A714-F40B4A8270BA}.Debug|Any CPU.Build.0 = Debug|Any CPU
		{D6FC8D36-7C1E-4DB5-A714-F40B4A8270BA}.Release|Any CPU.ActiveCfg = Release|Any CPU
		{D6FC8D36-7C1E-4DB5-A714-F40B4A8270BA}.Release|Any CPU.Build.0 = Release|Any CPU
	EndGlobalSection
	GlobalSection(SolutionProperties) = preSolution
		HideSolutionNode = FALSE
	EndGlobalSection
	GlobalSection(ExtensibilityGlobals) = postSolution
		SolutionGuid = {EA6BAA11-B870-4EB1-AB70-ACDA6F2ECC1B}
	EndGlobalSection
EndGlobal
